// !$*UTF8*$!
{
	archiveVersion = 1;
	classes = {
	};
	objectVersion = 46;
	objects = {

/* Begin PBXBuildFile section */
		8AB6DD85180DA16500F2CEB4 /* Foundation.framework in Frameworks */ = {isa = PBXBuildFile; fileRef = 8AB6DD84180DA16500F2CEB4 /* Foundation.framework */; };
		8AB6DD87180DA16500F2CEB4 /* CoreGraphics.framework in Frameworks */ = {isa = PBXBuildFile; fileRef = 8AB6DD86180DA16500F2CEB4 /* CoreGraphics.framework */; };
		8AB6DD89180DA16500F2CEB4 /* UIKit.framework in Frameworks */ = {isa = PBXBuildFile; fileRef = 8AB6DD88180DA16500F2CEB4 /* UIKit.framework */; };
		8AB6DD8F180DA16500F2CEB4 /* InfoPlist.strings in Resources */ = {isa = PBXBuildFile; fileRef = 8AB6DD8D180DA16500F2CEB4 /* InfoPlist.strings */; };
		8AB6DD91180DA16500F2CEB4 /* main.m in Sources */ = {isa = PBXBuildFile; fileRef = 8AB6DD90180DA16500F2CEB4 /* main.m */; };
		8AB6DD95180DA16500F2CEB4 /* HWAppDelegate.m in Sources */ = {isa = PBXBuildFile; fileRef = 8AB6DD94180DA16500F2CEB4 /* HWAppDelegate.m */; };
		8AB6DD98180DA16500F2CEB4 /* Main.storyboard in Resources */ = {isa = PBXBuildFile; fileRef = 8AB6DD96180DA16500F2CEB4 /* Main.storyboard */; };
		8AB6DD9B180DA16500F2CEB4 /* HWViewController.m in Sources */ = {isa = PBXBuildFile; fileRef = 8AB6DD9A180DA16500F2CEB4 /* HWViewController.m */; };
		8AB6DD9D180DA16500F2CEB4 /* Images.xcassets in Resources */ = {isa = PBXBuildFile; fileRef = 8AB6DD9C180DA16500F2CEB4 /* Images.xcassets */; };
		8AB6DDA4180DA16500F2CEB4 /* XCTest.framework in Frameworks */ = {isa = PBXBuildFile; fileRef = 8AB6DDA3180DA16500F2CEB4 /* XCTest.framework */; };
		8AB6DDA5180DA16500F2CEB4 /* Foundation.framework in Frameworks */ = {isa = PBXBuildFile; fileRef = 8AB6DD84180DA16500F2CEB4 /* Foundation.framework */; };
		8AB6DDA6180DA16500F2CEB4 /* UIKit.framework in Frameworks */ = {isa = PBXBuildFile; fileRef = 8AB6DD88180DA16500F2CEB4 /* UIKit.framework */; };
		8AB6DDAE180DA16500F2CEB4 /* InfoPlist.strings in Resources */ = {isa = PBXBuildFile; fileRef = 8AB6DDAC180DA16500F2CEB4 /* InfoPlist.strings */; };
		8AB6DDB0180DA16500F2CEB4 /* HelloWorldTests.m in Sources */ = {isa = PBXBuildFile; fileRef = 8AB6DDAF180DA16500F2CEB4 /* HelloWorldTests.m */; };
/* End PBXBuildFile section */

/* Begin PBXContainerItemProxy section */
		8AB6DDA7180DA16500F2CEB4 /* PBXContainerItemProxy */ = {
			isa = PBXContainerItemProxy;
			containerPortal = 8AB6DD79180DA16500F2CEB4 /* Project object */;
			proxyType = 1;
			remoteGlobalIDString = 8AB6DD80180DA16500F2CEB4;
			remoteInfo = HelloWorld;
		};
/* End PBXContainerItemProxy section */

/* Begin PBXFileReference section */
		8AB6DD81180DA16500F2CEB4 /* HelloWorld.app */ = {isa = PBXFileReference; explicitFileType = wrapper.application; includeInIndex = 0; path = HelloWorld.app; sourceTree = BUILT_PRODUCTS_DIR; };
		8AB6DD84180DA16500F2CEB4 /* Foundation.framework */ = {isa = PBXFileReference; lastKnownFileType = wrapper.framework; name = Foundation.framework; path = System/Library/Frameworks/Foundation.framework; sourceTree = SDKROOT; };
		8AB6DD86180DA16500F2CEB4 /* CoreGraphics.framework */ = {isa = PBXFileReference; lastKnownFileType = wrapper.framework; name = CoreGraphics.framework; path = System/Library/Frameworks/CoreGraphics.framework; sourceTree = SDKROOT; };
		8AB6DD88180DA16500F2CEB4 /* UIKit.framework */ = {isa = PBXFileReference; lastKnownFileType = wrapper.framework; name = UIKit.framework; path = System/Library/Frameworks/UIKit.framework; sourceTree = SDKROOT; };
		8AB6DD8C180DA16500F2CEB4 /* HelloWorld-Info.plist */ = {isa = PBXFileReference; lastKnownFileType = text.plist.xml; path = "HelloWorld-Info.plist"; sourceTree = "<group>"; };
		8AB6DD8E180DA16500F2CEB4 /* en */ = {isa = PBXFileReference; lastKnownFileType = text.plist.strings; name = en; path = en.lproj/InfoPlist.strings; sourceTree = "<group>"; };
		8AB6DD90180DA16500F2CEB4 /* main.m */ = {isa = PBXFileReference; lastKnownFileType = sourcecode.c.objc; path = main.m; sourceTree = "<group>"; };
		8AB6DD92180DA16500F2CEB4 /* HelloWorld-Prefix.pch */ = {isa = PBXFileReference; lastKnownFileType = sourcecode.c.h; path = "HelloWorld-Prefix.pch"; sourceTree = "<group>"; };
		8AB6DD93180DA16500F2CEB4 /* HWAppDelegate.h */ = {isa = PBXFileReference; lastKnownFileType = sourcecode.c.h; path = HWAppDelegate.h; sourceTree = "<group>"; };
		8AB6DD94180DA16500F2CEB4 /* HWAppDelegate.m */ = {isa = PBXFileReference; lastKnownFileType = sourcecode.c.objc; path = HWAppDelegate.m; sourceTree = "<group>"; };
		8AB6DD97180DA16500F2CEB4 /* Base */ = {isa = PBXFileReference; lastKnownFileType = file.storyboard; name = Base; path = Base.lproj/Main.storyboard; sourceTree = "<group>"; };
		8AB6DD99180DA16500F2CEB4 /* HWViewController.h */ = {isa = PBXFileReference; lastKnownFileType = sourcecode.c.h; path = HWViewController.h; sourceTree = "<group>"; };
		8AB6DD9A180DA16500F2CEB4 /* HWViewController.m */ = {isa = PBXFileReference; lastKnownFileType = sourcecode.c.objc; path = HWViewController.m; sourceTree = "<group>"; };
		8AB6DD9C180DA16500F2CEB4 /* Images.xcassets */ = {isa = PBXFileReference; lastKnownFileType = folder.assetcatalog; path = Images.xcassets; sourceTree = "<group>"; };
		8AB6DDA2180DA16500F2CEB4 /* HelloWorldTests.xctest */ = {isa = PBXFileReference; explicitFileType = wrapper.cfbundle; includeInIndex = 0; path = HelloWorldTests.xctest; sourceTree = BUILT_PRODUCTS_DIR; };
		8AB6DDA3180DA16500F2CEB4 /* XCTest.framework */ = {isa = PBXFileReference; lastKnownFileType = wrapper.framework; name = XCTest.framework; path = Library/Frameworks/XCTest.framework; sourceTree = DEVELOPER_DIR; };
		8AB6DDAB180DA16500F2CEB4 /* HelloWorldTests-Info.plist */ = {isa = PBXFileReference; lastKnownFileType = text.plist.xml; path = "HelloWorldTests-Info.plist"; sourceTree = "<group>"; };
		8AB6DDAD180DA16500F2CEB4 /* en */ = {isa = PBXFileReference; lastKnownFileType = text.plist.strings; name = en; path = en.lproj/InfoPlist.strings; sourceTree = "<group>"; };
		8AB6DDAF180DA16500F2CEB4 /* HelloWorldTests.m */ = {isa = PBXFileReference; lastKnownFileType = sourcecode.c.objc; path = HelloWorldTests.m; sourceTree = "<group>"; };
/* End PBXFileReference section */

/* Begin PBXFrameworksBuildPhase section */
		8AB6DD7E180DA16500F2CEB4 /* Frameworks */ = {
			isa = PBXFrameworksBuildPhase;
			buildActionMask = 2147483647;
			files = (
				8AB6DD87180DA16500F2CEB4 /* CoreGraphics.framework in Frameworks */,
				8AB6DD89180DA16500F2CEB4 /* UIKit.framework in Frameworks */,
				8AB6DD85180DA16500F2CEB4 /* Foundation.framework in Frameworks */,
			);
			runOnlyForDeploymentPostprocessing = 0;
		};
		8AB6DD9F180DA16500F2CEB4 /* Frameworks */ = {
			isa = PBXFrameworksBuildPhase;
			buildActionMask = 2147483647;
			files = (
				8AB6DDA4180DA16500F2CEB4 /* XCTest.framework in Frameworks */,
				8AB6DDA6180DA16500F2CEB4 /* UIKit.framework in Frameworks */,
				8AB6DDA5180DA16500F2CEB4 /* Foundation.framework in Frameworks */,
			);
			runOnlyForDeploymentPostprocessing = 0;
		};
/* End PBXFrameworksBuildPhase section */

/* Begin PBXGroup section */
		8AB6DD78180DA16500F2CEB4 = {
			isa = PBXGroup;
			children = (
				8AB6DD8A180DA16500F2CEB4 /* HelloWorld */,
				8AB6DDA9180DA16500F2CEB4 /* HelloWorldTests */,
				8AB6DD83180DA16500F2CEB4 /* Frameworks */,
				8AB6DD82180DA16500F2CEB4 /* Products */,
			);
			sourceTree = "<group>";
		};
		8AB6DD82180DA16500F2CEB4 /* Products */ = {
			isa = PBXGroup;
			children = (
				8AB6DD81180DA16500F2CEB4 /* HelloWorld.app */,
				8AB6DDA2180DA16500F2CEB4 /* HelloWorldTests.xctest */,
			);
			name = Products;
			sourceTree = "<group>";
		};
		8AB6DD83180DA16500F2CEB4 /* Frameworks */ = {
			isa = PBXGroup;
			children = (
				8AB6DD84180DA16500F2CEB4 /* Foundation.framework */,
				8AB6DD86180DA16500F2CEB4 /* CoreGraphics.framework */,
				8AB6DD88180DA16500F2CEB4 /* UIKit.framework */,
				8AB6DDA3180DA16500F2CEB4 /* XCTest.framework */,
			);
			name = Frameworks;
			sourceTree = "<group>";
		};
		8AB6DD8A180DA16500F2CEB4 /* HelloWorld */ = {
			isa = PBXGroup;
			children = (
				8AB6DD93180DA16500F2CEB4 /* HWAppDelegate.h */,
				8AB6DD94180DA16500F2CEB4 /* HWAppDelegate.m */,
				8AB6DD96180DA16500F2CEB4 /* Main.storyboard */,
				8AB6DD99180DA16500F2CEB4 /* HWViewController.h */,
				8AB6DD9A180DA16500F2CEB4 /* HWViewController.m */,
				8AB6DD9C180DA16500F2CEB4 /* Images.xcassets */,
				8AB6DD8B180DA16500F2CEB4 /* Supporting Files */,
			);
			path = HelloWorld;
			sourceTree = "<group>";
		};
		8AB6DD8B180DA16500F2CEB4 /* Supporting Files */ = {
			isa = PBXGroup;
			children = (
				8AB6DD8C180DA16500F2CEB4 /* HelloWorld-Info.plist */,
				8AB6DD8D180DA16500F2CEB4 /* InfoPlist.strings */,
				8AB6DD90180DA16500F2CEB4 /* main.m */,
				8AB6DD92180DA16500F2CEB4 /* HelloWorld-Prefix.pch */,
			);
			name = "Supporting Files";
			sourceTree = "<group>";
		};
		8AB6DDA9180DA16500F2CEB4 /* HelloWorldTests */ = {
			isa = PBXGroup;
			children = (
				8AB6DDAF180DA16500F2CEB4 /* HelloWorldTests.m */,
				8AB6DDAA180DA16500F2CEB4 /* Supporting Files */,
			);
			path = HelloWorldTests;
			sourceTree = "<group>";
		};
		8AB6DDAA180DA16500F2CEB4 /* Supporting Files */ = {
			isa = PBXGroup;
			children = (
				8AB6DDAB180DA16500F2CEB4 /* HelloWorldTests-Info.plist */,
				8AB6DDAC180DA16500F2CEB4 /* InfoPlist.strings */,
			);
			name = "Supporting Files";
			sourceTree = "<group>";
		};
/* End PBXGroup section */

/* Begin PBXNativeTarget section */
		8AB6DD80180DA16500F2CEB4 /* HelloWorld */ = {
			isa = PBXNativeTarget;
			buildConfigurationList = 8AB6DDB3180DA16500F2CEB4 /* Build configuration list for PBXNativeTarget "HelloWorld" */;
			buildPhases = (
				8AB6DD7D180DA16500F2CEB4 /* Sources */,
				8AB6DD7E180DA16500F2CEB4 /* Frameworks */,
				8AB6DD7F180DA16500F2CEB4 /* Resources */,
			);
			buildRules = (
			);
			dependencies = (
			);
			name = HelloWorld;
			productName = HelloWorld;
			productReference = 8AB6DD81180DA16500F2CEB4 /* HelloWorld.app */;
			productType = "com.apple.product-type.application";
		};
		8AB6DDA1180DA16500F2CEB4 /* HelloWorldTests */ = {
			isa = PBXNativeTarget;
			buildConfigurationList = 8AB6DDB6180DA16500F2CEB4 /* Build configuration list for PBXNativeTarget "HelloWorldTests" */;
			buildPhases = (
				8AB6DD9E180DA16500F2CEB4 /* Sources */,
				8AB6DD9F180DA16500F2CEB4 /* Frameworks */,
				8AB6DDA0180DA16500F2CEB4 /* Resources */,
			);
			buildRules = (
			);
			dependencies = (
				8AB6DDA8180DA16500F2CEB4 /* PBXTargetDependency */,
			);
			name = HelloWorldTests;
			productName = HelloWorldTests;
			productReference = 8AB6DDA2180DA16500F2CEB4 /* HelloWorldTests.xctest */;
			productType = "com.apple.product-type.bundle.unit-test";
		};
/* End PBXNativeTarget section */

/* Begin PBXProject section */
		8AB6DD79180DA16500F2CEB4 /* Project object */ = {
			isa = PBXProject;
			attributes = {
				CLASSPREFIX = HW;
				LastUpgradeCheck = 0500;
				ORGANIZATIONNAME = ERICx86;
				TargetAttributes = {
					8AB6DDA1180DA16500F2CEB4 = {
						TestTargetID = 8AB6DD80180DA16500F2CEB4;
					};
				};
			};
			buildConfigurationList = 8AB6DD7C180DA16500F2CEB4 /* Build configuration list for PBXProject "HelloWorld" */;
			compatibilityVersion = "Xcode 3.2";
			developmentRegion = English;
			hasScannedForEncodings = 0;
			knownRegions = (
				en,
				Base,
			);
			mainGroup = 8AB6DD78180DA16500F2CEB4;
			productRefGroup = 8AB6DD82180DA16500F2CEB4 /* Products */;
			projectDirPath = "";
			projectRoot = "";
			targets = (
				8AB6DD80180DA16500F2CEB4 /* HelloWorld */,
				8AB6DDA1180DA16500F2CEB4 /* HelloWorldTests */,
			);
		};
/* End PBXProject section */

/* Begin PBXResourcesBuildPhase section */
		8AB6DD7F180DA16500F2CEB4 /* Resources */ = {
			isa = PBXResourcesBuildPhase;
			buildActionMask = 2147483647;
			files = (
				8AB6DD9D180DA16500F2CEB4 /* Images.xcassets in Resources */,
				8AB6DD8F180DA16500F2CEB4 /* InfoPlist.strings in Resources */,
				8AB6DD98180DA16500F2CEB4 /* Main.storyboard in Resources */,
			);
			runOnlyForDeploymentPostprocessing = 0;
		};
		8AB6DDA0180DA16500F2CEB4 /* Resources */ = {
			isa = PBXResourcesBuildPhase;
			buildActionMask = 2147483647;
			files = (
				8AB6DDAE180DA16500F2CEB4 /* InfoPlist.strings in Resources */,
			);
			runOnlyForDeploymentPostprocessing = 0;
		};
/* End PBXResourcesBuildPhase section */

/* Begin PBXSourcesBuildPhase section */
		8AB6DD7D180DA16500F2CEB4 /* Sources */ = {
			isa = PBXSourcesBuildPhase;
			buildActionMask = 2147483647;
			files = (
				8AB6DD9B180DA16500F2CEB4 /* HWViewController.m in Sources */,
				8AB6DD91180DA16500F2CEB4 /* main.m in Sources */,
				8AB6DD95180DA16500F2CEB4 /* HWAppDelegate.m in Sources */,
			);
			runOnlyForDeploymentPostprocessing = 0;
		};
		8AB6DD9E180DA16500F2CEB4 /* Sources */ = {
			isa = PBXSourcesBuildPhase;
			buildActionMask = 2147483647;
			files = (
				8AB6DDB0180DA16500F2CEB4 /* HelloWorldTests.m in Sources */,
			);
			runOnlyForDeploymentPostprocessing = 0;
		};
/* End PBXSourcesBuildPhase section */

/* Begin PBXTargetDependency section */
		8AB6DDA8180DA16500F2CEB4 /* PBXTargetDependency */ = {
			isa = PBXTargetDependency;
			target = 8AB6DD80180DA16500F2CEB4 /* HelloWorld */;
			targetProxy = 8AB6DDA7180DA16500F2CEB4 /* PBXContainerItemProxy */;
		};
/* End PBXTargetDependency section */

/* Begin PBXVariantGroup section */
		8AB6DD8D180DA16500F2CEB4 /* InfoPlist.strings */ = {
			isa = PBXVariantGroup;
			children = (
				8AB6DD8E180DA16500F2CEB4 /* en */,
			);
			name = InfoPlist.strings;
			sourceTree = "<group>";
		};
		8AB6DD96180DA16500F2CEB4 /* Main.storyboard */ = {
			isa = PBXVariantGroup;
			children = (
				8AB6DD97180DA16500F2CEB4 /* Base */,
			);
			name = Main.storyboard;
			sourceTree = "<group>";
		};
		8AB6DDAC180DA16500F2CEB4 /* InfoPlist.strings */ = {
			isa = PBXVariantGroup;
			children = (
				8AB6DDAD180DA16500F2CEB4 /* en */,
			);
			name = InfoPlist.strings;
			sourceTree = "<group>";
		};
/* End PBXVariantGroup section */

/* Begin XCBuildConfiguration section */
		8AB6DDB1180DA16500F2CEB4 /* Debug */ = {
			isa = XCBuildConfiguration;
			buildSettings = {
				ALWAYS_SEARCH_USER_PATHS = NO;
				ARCHS = "$(ARCHS_STANDARD_INCLUDING_64_BIT)";
				CLANG_CXX_LANGUAGE_STANDARD = "gnu++0x";
				CLANG_CXX_LIBRARY = "libc++";
				CLANG_ENABLE_MODULES = YES;
				CLANG_ENABLE_OBJC_ARC = YES;
				CLANG_WARN_BOOL_CONVERSION = YES;
				CLANG_WARN_CONSTANT_CONVERSION = YES;
				CLANG_WARN_DIRECT_OBJC_ISA_USAGE = YES_ERROR;
				CLANG_WARN_EMPTY_BODY = YES;
				CLANG_WARN_ENUM_CONVERSION = YES;
				CLANG_WARN_INT_CONVERSION = YES;
				CLANG_WARN_OBJC_ROOT_CLASS = YES_ERROR;
				CLANG_WARN__DUPLICATE_METHOD_MATCH = YES;
				"CODE_SIGN_IDENTITY[sdk=iphoneos*]" = "iPhone Developer";
				COPY_PHASE_STRIP = NO;
				GCC_C_LANGUAGE_STANDARD = gnu99;
				GCC_DYNAMIC_NO_PIC = NO;
				GCC_OPTIMIZATION_LEVEL = 0;
				GCC_PREPROCESSOR_DEFINITIONS = (
					"DEBUG=1",
					"$(inherited)",
				);
				GCC_SYMBOLS_PRIVATE_EXTERN = NO;
				GCC_WARN_64_TO_32_BIT_CONVERSION = YES;
				GCC_WARN_ABOUT_RETURN_TYPE = YES_ERROR;
				GCC_WARN_UNDECLARED_SELECTOR = YES;
				GCC_WARN_UNINITIALIZED_AUTOS = YES;
				GCC_WARN_UNUSED_FUNCTION = YES;
				GCC_WARN_UNUSED_VARIABLE = YES;
				IPHONEOS_DEPLOYMENT_TARGET = 7.0;
				ONLY_ACTIVE_ARCH = YES;
				SDKROOT = iphoneos;
			};
			name = Debug;
		};
		8AB6DDB2180DA16500F2CEB4 /* Release */ = {
			isa = XCBuildConfiguration;
			buildSettings = {
				ALWAYS_SEARCH_USER_PATHS = NO;
				ARCHS = "$(ARCHS_STANDARD_INCLUDING_64_BIT)";
				CLANG_CXX_LANGUAGE_STANDARD = "gnu++0x";
				CLANG_CXX_LIBRARY = "libc++";
				CLANG_ENABLE_MODULES = YES;
				CLANG_ENABLE_OBJC_ARC = YES;
				CLANG_WARN_BOOL_CONVERSION = YES;
				CLANG_WARN_CONSTANT_CONVERSION = YES;
				CLANG_WARN_DIRECT_OBJC_ISA_USAGE = YES_ERROR;
				CLANG_WARN_EMPTY_BODY = YES;
				CLANG_WARN_ENUM_CONVERSION = YES;
				CLANG_WARN_INT_CONVERSION = YES;
				CLANG_WARN_OBJC_ROOT_CLASS = YES_ERROR;
				CLANG_WARN__DUPLICATE_METHOD_MATCH = YES;
				"CODE_SIGN_IDENTITY[sdk=iphoneos*]" = "iPhone Developer";
				COPY_PHASE_STRIP = YES;
				ENABLE_NS_ASSERTIONS = NO;
				GCC_C_LANGUAGE_STANDARD = gnu99;
				GCC_WARN_64_TO_32_BIT_CONVERSION = YES;
				GCC_WARN_ABOUT_RETURN_TYPE = YES_ERROR;
				GCC_WARN_UNDECLARED_SELECTOR = YES;
				GCC_WARN_UNINITIALIZED_AUTOS = YES;
				GCC_WARN_UNUSED_FUNCTION = YES;
				GCC_WARN_UNUSED_VARIABLE = YES;
				IPHONEOS_DEPLOYMENT_TARGET = 7.0;
				SDKROOT = iphoneos;
				VALIDATE_PRODUCT = YES;
			};
			name = Release;
		};
		8AB6DDB4180DA16500F2CEB4 /* Debug */ = {
			isa = XCBuildConfiguration;
			buildSettings = {
				ASSETCATALOG_COMPILER_APPICON_NAME = AppIcon;
				ASSETCATALOG_COMPILER_LAUNCHIMAGE_NAME = LaunchImage;
				GCC_PRECOMPILE_PREFIX_HEADER = YES;
				GCC_PREFIX_HEADER = "HelloWorld/HelloWorld-Prefix.pch";
				INFOPLIST_FILE = "HelloWorld/HelloWorld-Info.plist";
				PRODUCT_NAME = "$(TARGET_NAME)";
				WRAPPER_EXTENSION = app;
			};
			name = Debug;
		};
		8AB6DDB5180DA16500F2CEB4 /* Release */ = {
			isa = XCBuildConfiguration;
			buildSettings = {
				ASSETCATALOG_COMPILER_APPICON_NAME = AppIcon;
				ASSETCATALOG_COMPILER_LAUNCHIMAGE_NAME = LaunchImage;
				GCC_PRECOMPILE_PREFIX_HEADER = YES;
				GCC_PREFIX_HEADER = "HelloWorld/HelloWorld-Prefix.pch";
				INFOPLIST_FILE = "HelloWorld/HelloWorld-Info.plist";
				PRODUCT_NAME = "$(TARGET_NAME)";
				WRAPPER_EXTENSION = app;
			};
			name = Release;
		};
		8AB6DDB7180DA16500F2CEB4 /* Debug */ = {
			isa = XCBuildConfiguration;
			buildSettings = {
				ARCHS = "$(ARCHS_STANDARD_INCLUDING_64_BIT)";
				BUNDLE_LOADER = "$(BUILT_PRODUCTS_DIR)/HelloWorld.app/HelloWorld";
				FRAMEWORK_SEARCH_PATHS = (
					"$(SDKROOT)/Developer/Library/Frameworks",
					"$(inherited)",
					"$(DEVELOPER_FRAMEWORKS_DIR)",
				);
				GCC_PRECOMPILE_PREFIX_HEADER = YES;
				GCC_PREFIX_HEADER = "HelloWorld/HelloWorld-Prefix.pch";
				GCC_PREPROCESSOR_DEFINITIONS = (
					"DEBUG=1",
					"$(inherited)",
				);
				INFOPLIST_FILE = "HelloWorldTests/HelloWorldTests-Info.plist";
				PRODUCT_NAME = "$(TARGET_NAME)";
				TEST_HOST = "$(BUNDLE_LOADER)";
				WRAPPER_EXTENSION = xctest;
			};
			name = Debug;
		};
		8AB6DDB8180DA16500F2CEB4 /* Release */ = {
			isa = XCBuildConfiguration;
			buildSettings = {
				ARCHS = "$(ARCHS_STANDARD_INCLUDING_64_BIT)";
				BUNDLE_LOADER = "$(BUILT_PRODUCTS_DIR)/HelloWorld.app/HelloWorld";
				FRAMEWORK_SEARCH_PATHS = (
					"$(SDKROOT)/Developer/Library/Frameworks",
					"$(inherited)",
					"$(DEVELOPER_FRAMEWORKS_DIR)",
				);
				GCC_PRECOMPILE_PREFIX_HEADER = YES;
				GCC_PREFIX_HEADER = "HelloWorld/HelloWorld-Prefix.pch";
				INFOPLIST_FILE = "HelloWorldTests/HelloWorldTests-Info.plist";
				PRODUCT_NAME = "$(TARGET_NAME)";
				TEST_HOST = "$(BUNDLE_LOADER)";
				WRAPPER_EXTENSION = xctest;
			};
			name = Release;
		};
/* End XCBuildConfiguration section */

/* Begin XCConfigurationList section */
		8AB6DD7C180DA16500F2CEB4 /* Build configuration list for PBXProject "HelloWorld" */ = {
			isa = XCConfigurationList;
			buildConfigurations = (
				8AB6DDB1180DA16500F2CEB4 /* Debug */,
				8AB6DDB2180DA16500F2CEB4 /* Release */,
			);
			defaultConfigurationIsVisible = 0;
			defaultConfigurationName = Release;
		};
		8AB6DDB3180DA16500F2CEB4 /* Build configuration list for PBXNativeTarget "HelloWorld" */ = {
			isa = XCConfigurationList;
			buildConfigurations = (
				8AB6DDB4180DA16500F2CEB4 /* Debug */,
				8AB6DDB5180DA16500F2CEB4 /* Release */,
			);
			defaultConfigurationIsVisible = 0;
		};
		8AB6DDB6180DA16500F2CEB4 /* Build configuration list for PBXNativeTarget "HelloWorldTests" */ = {
			isa = XCConfigurationList;
			buildConfigurations = (
				8AB6DDB7180DA16500F2CEB4 /* Debug */,
				8AB6DDB8180DA16500F2CEB4 /* Release */,
			);
			defaultConfigurationIsVisible = 0;
		};
/* End XCConfigurationList section */
	};
	rootObject = 8AB6DD79180DA16500F2CEB4 /* Project object */;
}
